{
  "name": "energy-journal",
  "version": "1.0.0",
  "lockfileVersion": 3,
  "requires": true,
  "packages": {
    "": {
      "name": "energy-journal",
      "version": "1.0.0",
      "license": "ISC",
      "dependencies": {
        "@azure/msal-browser": "^5.9.0"
      }
    },
    "node_modules/@azure/msal-browser": {
      "version": "5.9.0",
      "resolved": "https://registry.npmjs.org/@azure/msal-browser/-/msal-browser-5.9.0.tgz",
      "integrity": "sha512-CzE+4PefDSJWj26zU7G1bKchlGRRHMBFreG4tAlGuzyI8hAPiYGobaJvZBgZBf6L63iphX7VH+ityL8VgEQz9Q==",
      "license": "MIT",
      "dependencies": {
        "@azure/msal-common": "16.5.2"
      },
      "engines": {
        "node": ">=0.8.0"
      }
    },
    "node_modules/@azure/msal-common": {
      "version": "16.5.2",
      "resolved": "https://registry.npmjs.org/@azure/msal-common/-/msal-common-16.5.2.tgz",
      "integrity": "sha512-GkDEL6TYo3HgT3UuqakdgE9PZfc1hMki6+Hwgy1uddb/EauvAKfu85vVhuofRSo22D1xTnWt8Ucwfg4vSCVwvA==",
      "license": "MIT",
      "engines": {
        "node": ">=0.8.0"
      }
    }
  }
}
